
Microsoft Visual Studio Solution File, Format Version 12.00
# Visual Studio Version 16
VisualStudioVersion = 16.0.29025.244
MinimumVisualStudioVersion = 10.0.40219.1
Project("{FAE04EC0-301F-11D3-BF4B-00C04F79EFBC}") = "SplashSTLSite2019w_users", "SplashSTLSite2019w_users\SplashSTLSite2019w_users.csproj", "{F8B0E9A1-6A3D-4D52-84AA-A37F0387B20C}"
EndProject
Global
	GlobalSection(SolutionConfigurationPlatforms) = preSolution
		Debug|Any CPU = Debug|Any CPU
		Release|Any CPU = Release|Any CPU
	EndGlobalSection
	GlobalSection(ProjectConfigurationPlatforms) = postSolution
		{F8B0E9A1-6A3D-4D52-84AA-A37F0387B20C}.Debug|Any CPU.ActiveCfg = Debug|Any CPU
		{F8B0E9A1-6A3D-4D52-84AA-A37F0387B20C}.Debug|Any CPU.Build.0 = Debug|Any CPU
		{F8B0E9A1-6A3D-4D52-84AA-A37F0387B20C}.Release|Any CPU.ActiveCfg = Release|Any CPU
		{F8B0E9A1-6A3D-4D52-84AA-A37F0387B20C}.Release|Any CPU.Build.0 = Release|Any CPU
	EndGlobalSection
	GlobalSection(SolutionProperties) = preSolution
		HideSolutionNode = FALSE
	EndGlobalSection
	GlobalSection(ExtensibilityGlobals) = postSolution
		SolutionGuid = {AB2B75B4-3186-4B0D-A94C-A6E1B643F8F0}
	EndGlobalSection
EndGlobal
